
Microsoft Visual Studio Solution File, Format Version 12.00
# Visual Studio 15
VisualStudioVersion = 15.0.27703.2026
MinimumVisualStudioVersion = 10.0.40219.1
Project("{FAE04EC0-301F-11D3-BF4B-00C04F79EFBC}") = "Embarcados_TinyCLR", "TinyCLRApplication3\Embarcados_TinyCLR.csproj", "{2A1CD3BD-3DCA-496F-B08B-75996D23E878}"
EndProject
Global
	GlobalSection(SolutionConfigurationPlatforms) = preSolution
		Debug|Any CPU = Debug|Any CPU
		Release|Any CPU = Release|Any CPU
	EndGlobalSection
	GlobalSection(ProjectConfigurationPlatforms) = postSolution
		{2A1CD3BD-3DCA-496F-B08B-75996D23E878}.Debug|Any CPU.ActiveCfg = Debug|Any CPU
		{2A1CD3BD-3DCA-496F-B08B-75996D23E878}.Debug|Any CPU.Build.0 = Debug|Any CPU
		{2A1CD3BD-3DCA-496F-B08B-75996D23E878}.Debug|Any CPU.Deploy.0 = Debug|Any CPU
		{2A1CD3BD-3DCA-496F-B08B-75996D23E878}.Release|Any CPU.ActiveCfg = Release|Any CPU
		{2A1CD3BD-3DCA-496F-B08B-75996D23E878}.Release|Any CPU.Build.0 = Release|Any CPU
		{2A1CD3BD-3DCA-496F-B08B-75996D23E878}.Release|Any CPU.Deploy.0 = Release|Any CPU
	EndGlobalSection
	GlobalSection(SolutionProperties) = preSolution
		HideSolutionNode = FALSE
	EndGlobalSection
	GlobalSection(ExtensibilityGlobals) = postSolution
		SolutionGuid = {B57FFFCD-C60F-4A4E-A7FE-3FFA30F18601}
	EndGlobalSection
EndGlobal
